{
  "name": "discord-buttons",
  "version": "2.4.1",
  "lockfileVersion": 2,
  "requires": true,
  "packages": {
    "": {
      "version": "2.4.1",
      "license": "Apache-2.0",
      "devDependencies": {
        "@types/node": "^15.3.0"
      },
      "funding": {
        "type": "individual",
        "url": "https://ko-fi.com/angelocore"
      }
    },
    "node_modules/@types/node": {
      "version": "15.6.1",
      "resolved": "https://registry.npmjs.org/@types/node/-/node-15.6.1.tgz",
      "integrity": "sha512-7EIraBEyRHEe7CH+Fm1XvgqU6uwZN8Q7jppJGcqjROMT29qhAuuOxYB1uEY5UMYQKEmA5D+5tBnhdaPXSsLONA==",
      "dev": true
    }
  },
  "dependencies": {
    "@types/node": {
      "version": "15.6.1",
      "resolved": "https://registry.npmjs.org/@types/node/-/node-15.6.1.tgz",
      "integrity": "sha512-7EIraBEyRHEe7CH+Fm1XvgqU6uwZN8Q7jppJGcqjROMT29qhAuuOxYB1uEY5UMYQKEmA5D+5tBnhdaPXSsLONA==",
      "dev": true
    }
  }
}
